
Microsoft Visual Studio Solution File, Format Version 11.00
# Visual Studio 2010
Project("{FAE04EC0-301F-11D3-BF4B-00C04F79EFBC}") = "AStarWinForm", "AStarAlgo\AStarWinForm.csproj", "{FBFE7175-7C8A-429F-85E2-3E5663BDE95E}"
EndProject
Project("{FAE04EC0-301F-11D3-BF4B-00C04F79EFBC}") = "AStar", "AStar\AStar.csproj", "{CD42A902-D7CC-4BAB-8B5B-ED3A1CC7D2DD}"
EndProject
Global
	GlobalSection(SolutionConfigurationPlatforms) = preSolution
		Debug|Any CPU = Debug|Any CPU
		Debug|Mixed Platforms = Debug|Mixed Platforms
		Debug|x86 = Debug|x86
		Release|Any CPU = Release|Any CPU
		Release|Mixed Platforms = Release|Mixed Platforms
		Release|x86 = Release|x86
	EndGlobalSection
	GlobalSection(ProjectConfigurationPlatforms) = postSolution
		{FBFE7175-7C8A-429F-85E2-3E5663BDE95E}.Debug|Any CPU.ActiveCfg = Debug|x86
		{FBFE7175-7C8A-429F-85E2-3E5663BDE95E}.Debug|Mixed Platforms.ActiveCfg = Debug|x86
		{FBFE7175-7C8A-429F-85E2-3E5663BDE95E}.Debug|Mixed Platforms.Build.0 = Debug|x86
		{FBFE7175-7C8A-429F-85E2-3E5663BDE95E}.Debug|x86.ActiveCfg = Debug|x86
		{FBFE7175-7C8A-429F-85E2-3E5663BDE95E}.Debug|x86.Build.0 = Debug|x86
		{FBFE7175-7C8A-429F-85E2-3E5663BDE95E}.Release|Any CPU.ActiveCfg = Release|x86
		{FBFE7175-7C8A-429F-85E2-3E5663BDE95E}.Release|Mixed Platforms.ActiveCfg = Release|x86
		{FBFE7175-7C8A-429F-85E2-3E5663BDE95E}.Release|Mixed Platforms.Build.0 = Release|x86
		{FBFE7175-7C8A-429F-85E2-3E5663BDE95E}.Release|x86.ActiveCfg = Release|x86
		{FBFE7175-7C8A-429F-85E2-3E5663BDE95E}.Release|x86.Build.0 = Release|x86
		{CD42A902-D7CC-4BAB-8B5B-ED3A1CC7D2DD}.Debug|Any CPU.ActiveCfg = Debug|Any CPU
		{CD42A902-D7CC-4BAB-8B5B-ED3A1CC7D2DD}.Debug|Any CPU.Build.0 = Debug|Any CPU
		{CD42A902-D7CC-4BAB-8B5B-ED3A1CC7D2DD}.Debug|Mixed Platforms.ActiveCfg = Debug|Any CPU
		{CD42A902-D7CC-4BAB-8B5B-ED3A1CC7D2DD}.Debug|Mixed Platforms.Build.0 = Debug|Any CPU
		{CD42A902-D7CC-4BAB-8B5B-ED3A1CC7D2DD}.Debug|x86.ActiveCfg = Debug|Any CPU
		{CD42A902-D7CC-4BAB-8B5B-ED3A1CC7D2DD}.Release|Any CPU.ActiveCfg = Release|Any CPU
		{CD42A902-D7CC-4BAB-8B5B-ED3A1CC7D2DD}.Release|Any CPU.Build.0 = Release|Any CPU
		{CD42A902-D7CC-4BAB-8B5B-ED3A1CC7D2DD}.Release|Mixed Platforms.ActiveCfg = Release|Any CPU
		{CD42A902-D7CC-4BAB-8B5B-ED3A1CC7D2DD}.Release|Mixed Platforms.Build.0 = Release|Any CPU
		{CD42A902-D7CC-4BAB-8B5B-ED3A1CC7D2DD}.Release|x86.ActiveCfg = Release|Any CPU
	EndGlobalSection
	GlobalSection(SolutionProperties) = preSolution
		HideSolutionNode = FALSE
	EndGlobalSection
EndGlobal
